
Microsoft Visual Studio Solution File, Format Version 11.00
# Visual Studio 2010
Project("{FAE04EC0-301F-11D3-BF4B-00C04F79EFBC}") = "UnityEngine.UI", "UnityEngine.UI.csproj", "{33e9e40c-832c-4af9-9a20-bf19c8f139c9}"
EndProject
Project("{FAE04EC0-301F-11D3-BF4B-00C04F79EFBC}") = "Assembly-CSharp", "Assembly-CSharp.csproj", "{c644b7be-80ab-ae9f-9760-f12c2eb35374}"
EndProject
Project("{FAE04EC0-301F-11D3-BF4B-00C04F79EFBC}") = "UnityEditor.UI", "UnityEditor.UI.csproj", "{f240fcc7-162a-5e25-0cb2-fccfc4b1d7e0}"
EndProject
Project("{FAE04EC0-301F-11D3-BF4B-00C04F79EFBC}") = "UnityEngine.UI", "UnityEngine.UI.Player.csproj", "{42b16c23-10a8-e244-f7bf-db3aef9ab138}"
EndProject
Project("{FAE04EC0-301F-11D3-BF4B-00C04F79EFBC}") = "Assembly-CSharp", "Assembly-CSharp.Player.csproj", "{96574377-0e9b-501c-72e7-5fe40c7f983a}"
EndProject
Project("{FAE04EC0-301F-11D3-BF4B-00C04F79EFBC}") = "UnityEngine.UI.Tests", "UnityEngine.UI.Tests.csproj", "{5eb395d3-15d7-608e-9388-fd8c9d4da203}"
EndProject
Project("{FAE04EC0-301F-11D3-BF4B-00C04F79EFBC}") = "UnityEditor.UI.EditorTests", "UnityEditor.UI.EditorTests.csproj", "{7d148c6e-807a-760e-5a8f-eb5459791370}"
EndProject
Global
	GlobalSection(SolutionConfigurationPlatforms) = preSolution
		Debug|Any CPU = Debug|Any CPU
	EndGlobalSection
	GlobalSection(ProjectConfigurationPlatforms) = postSolution
		{33e9e40c-832c-4af9-9a20-bf19c8f139c9}.Debug|Any CPU.ActiveCfg = Debug|Any CPU
		{33e9e40c-832c-4af9-9a20-bf19c8f139c9}.Debug|Any CPU.Build.0 = Debug|Any CPU
		{c644b7be-80ab-ae9f-9760-f12c2eb35374}.Debug|Any CPU.ActiveCfg = Debug|Any CPU
		{c644b7be-80ab-ae9f-9760-f12c2eb35374}.Debug|Any CPU.Build.0 = Debug|Any CPU
		{f240fcc7-162a-5e25-0cb2-fccfc4b1d7e0}.Debug|Any CPU.ActiveCfg = Debug|Any CPU
		{f240fcc7-162a-5e25-0cb2-fccfc4b1d7e0}.Debug|Any CPU.Build.0 = Debug|Any CPU
		{42b16c23-10a8-e244-f7bf-db3aef9ab138}.Debug|Any CPU.ActiveCfg = Debug|Any CPU
		{42b16c23-10a8-e244-f7bf-db3aef9ab138}.Debug|Any CPU.Build.0 = Debug|Any CPU
		{96574377-0e9b-501c-72e7-5fe40c7f983a}.Debug|Any CPU.ActiveCfg = Debug|Any CPU
		{96574377-0e9b-501c-72e7-5fe40c7f983a}.Debug|Any CPU.Build.0 = Debug|Any CPU
		{5eb395d3-15d7-608e-9388-fd8c9d4da203}.Debug|Any CPU.ActiveCfg = Debug|Any CPU
		{5eb395d3-15d7-608e-9388-fd8c9d4da203}.Debug|Any CPU.Build.0 = Debug|Any CPU
		{7d148c6e-807a-760e-5a8f-eb5459791370}.Debug|Any CPU.ActiveCfg = Debug|Any CPU
		{7d148c6e-807a-760e-5a8f-eb5459791370}.Debug|Any CPU.Build.0 = Debug|Any CPU
	EndGlobalSection
	GlobalSection(SolutionProperties) = preSolution
		HideSolutionNode = FALSE
	EndGlobalSection
EndGlobal
